
Microsoft Visual Studio Solution File, Format Version 12.00
# Visual Studio Version 17
VisualStudioVersion = 17.8.0.0
MinimumVisualStudioVersion = 17.8.0.0
Project("{9A19103F-16F7-4668-BE54-9A1E7A4F7556}") = "ThePlot.AppHost", "src\ThePlot.AppHost\ThePlot.AppHost.csproj", "{2344B7AE-2682-421D-A266-ED107B8368CE}"
EndProject
Project("{9A19103F-16F7-4668-BE54-9A1E7A4F7556}") = "ThePlot.Api.Grpc", "src\ThePlot.Api.Grpc\ThePlot.Api.Grpc.csproj", "{044409B0-C628-4EE7-8FF4-820D8D12B270}"
EndProject
Project("{9A19103F-16F7-4668-BE54-9A1E7A4F7556}") = "ThePlot.Core", "src\ThePlot.Core\ThePlot.Core.csproj", "{D1E2F3A4-B5C6-4D7E-8F9A-0B1C2D3E4F5A}"
EndProject
Project("{9A19103F-16F7-4668-BE54-9A1E7A4F7556}") = "ThePlot.Infrastructure", "src\ThePlot.Infrastructure\ThePlot.Infrastructure.csproj", "{E2F3A4B5-C6D7-5E8F-9A0B-1C2D3E4F5A6B}"
EndProject
Project("{2150E333-8FDC-42A3-9474-1A3956D46DE8}") = "libs", "libs", "{C03C5398-F213-4630-A295-22CA9C76257B}"
EndProject
Project("{FAE04EC0-301F-11D3-BF4B-00C04F79EFBC}") = "Exceptions", "libs\Exceptions\Exceptions.csproj", "{44672DD1-8EA5-49EC-A61C-CB4E566A51C0}"
EndProject
Project("{FAE04EC0-301F-11D3-BF4B-00C04F79EFBC}") = "ServiceDefaults", "libs\ServiceDefaults\ServiceDefaults.csproj", "{F9CB8B27-FF01-41CD-8985-BC3867A15641}"
EndProject
Project("{FAE04EC0-301F-11D3-BF4B-00C04F79EFBC}") = "Database.Abstractions", "libs\Database.Abstractions\Database.Abstractions.csproj", "{A1B2C3D4-E5F6-4A5B-8C9D-0E1F2A3B4C5D}"
EndProject
Project("{FAE04EC0-301F-11D3-BF4B-00C04F79EFBC}") = "Database", "libs\Database\Database.csproj", "{B2C3D4E5-F6A7-5B6C-9D0E-1F2A3B4C5D6E}"
EndProject
Project("{2150E333-8FDC-42A3-9474-1A3956D46DE8}") = "src", "src", "{0C06ACD1-23FD-4B04-9DFA-11445D8D5108}"
EndProject
Project("{FAE04EC0-301F-11D3-BF4B-00C04F79EFBC}") = "ThePlot.SchemaBuilder", "src\ThePlot.SchemaBuilder\ThePlot.SchemaBuilder.csproj", "{86B1B5FC-25FA-4DC5-9473-894EE4938EED}"
EndProject
Project("{FAE04EC0-301F-11D3-BF4B-00C04F79EFBC}") = "ThePlot.Functions.PdfValidation", "src\ThePlot.Functions.PdfValidation\ThePlot.Functions.PdfValidation.csproj", "{A7B8C9D0-E1F2-4A3B-8C5D-6E7F8A9B0C1D}"
EndProject
Project("{FAE04EC0-301F-11D3-BF4B-00C04F79EFBC}") = "ThePlot.Workers.PdfSplitting", "src\ThePlot.Workers.PdfSplitting\ThePlot.Workers.PdfSplitting.csproj", "{6CD7EE5E-9FA1-49BB-9165-BD5EFEB9D5A7}"
EndProject
Project("{FAE04EC0-301F-11D3-BF4B-00C04F79EFBC}") = "ThePlot.Workers.PdfProcessing", "src\ThePlot.Workers.PdfProcessing\ThePlot.Workers.PdfProcessing.csproj", "{A4779571-6867-4918-BB3B-1D6EC6E4572C}"
EndProject
Global
	GlobalSection(SolutionConfigurationPlatforms) = preSolution
		Debug|Any CPU = Debug|Any CPU
		Debug|x64 = Debug|x64
		Debug|x86 = Debug|x86
		Release|Any CPU = Release|Any CPU
		Release|x64 = Release|x64
		Release|x86 = Release|x86
	EndGlobalSection
	GlobalSection(ProjectConfigurationPlatforms) = postSolution
		{2344B7AE-2682-421D-A266-ED107B8368CE}.Debug|Any CPU.ActiveCfg = Debug|Any CPU
		{2344B7AE-2682-421D-A266-ED107B8368CE}.Debug|Any CPU.Build.0 = Debug|Any CPU
		{2344B7AE-2682-421D-A266-ED107B8368CE}.Debug|x64.ActiveCfg = Debug|Any CPU
		{2344B7AE-2682-421D-A266-ED107B8368CE}.Debug|x64.Build.0 = Debug|Any CPU
		{2344B7AE-2682-421D-A266-ED107B8368CE}.Debug|x86.ActiveCfg = Debug|Any CPU
		{2344B7AE-2682-421D-A266-ED107B8368CE}.Debug|x86.Build.0 = Debug|Any CPU
		{2344B7AE-2682-421D-A266-ED107B8368CE}.Release|Any CPU.ActiveCfg = Release|Any CPU
		{2344B7AE-2682-421D-A266-ED107B8368CE}.Release|Any CPU.Build.0 = Release|Any CPU
		{2344B7AE-2682-421D-A266-ED107B8368CE}.Release|x64.ActiveCfg = Release|Any CPU
		{2344B7AE-2682-421D-A266-ED107B8368CE}.Release|x64.Build.0 = Release|Any CPU
		{2344B7AE-2682-421D-A266-ED107B8368CE}.Release|x86.ActiveCfg = Release|Any CPU
		{2344B7AE-2682-421D-A266-ED107B8368CE}.Release|x86.Build.0 = Release|Any CPU
		{044409B0-C628-4EE7-8FF4-820D8D12B270}.Debug|Any CPU.ActiveCfg = Debug|Any CPU
		{044409B0-C628-4EE7-8FF4-820D8D12B270}.Debug|Any CPU.Build.0 = Debug|Any CPU
		{044409B0-C628-4EE7-8FF4-820D8D12B270}.Debug|x64.ActiveCfg = Debug|Any CPU
		{044409B0-C628-4EE7-8FF4-820D8D12B270}.Debug|x64.Build.0 = Debug|Any CPU
		{044409B0-C628-4EE7-8FF4-820D8D12B270}.Debug|x86.ActiveCfg = Debug|Any CPU
		{044409B0-C628-4EE7-8FF4-820D8D12B270}.Debug|x86.Build.0 = Debug|Any CPU
		{044409B0-C628-4EE7-8FF4-820D8D12B270}.Release|Any CPU.ActiveCfg = Release|Any CPU
		{044409B0-C628-4EE7-8FF4-820D8D12B270}.Release|Any CPU.Build.0 = Release|Any CPU
		{044409B0-C628-4EE7-8FF4-820D8D12B270}.Release|x64.ActiveCfg = Release|Any CPU
		{044409B0-C628-4EE7-8FF4-820D8D12B270}.Release|x64.Build.0 = Release|Any CPU
		{044409B0-C628-4EE7-8FF4-820D8D12B270}.Release|x86.ActiveCfg = Release|Any CPU
		{044409B0-C628-4EE7-8FF4-820D8D12B270}.Release|x86.Build.0 = Release|Any CPU
		{D1E2F3A4-B5C6-4D7E-8F9A-0B1C2D3E4F5A}.Debug|Any CPU.ActiveCfg = Debug|Any CPU
		{D1E2F3A4-B5C6-4D7E-8F9A-0B1C2D3E4F5A}.Debug|Any CPU.Build.0 = Debug|Any CPU
		{D1E2F3A4-B5C6-4D7E-8F9A-0B1C2D3E4F5A}.Debug|x64.ActiveCfg = Debug|Any CPU
		{D1E2F3A4-B5C6-4D7E-8F9A-0B1C2D3E4F5A}.Debug|x64.Build.0 = Debug|Any CPU
		{D1E2F3A4-B5C6-4D7E-8F9A-0B1C2D3E4F5A}.Debug|x86.ActiveCfg = Debug|Any CPU
		{D1E2F3A4-B5C6-4D7E-8F9A-0B1C2D3E4F5A}.Debug|x86.Build.0 = Debug|Any CPU
		{D1E2F3A4-B5C6-4D7E-8F9A-0B1C2D3E4F5A}.Release|Any CPU.ActiveCfg = Release|Any CPU
		{D1E2F3A4-B5C6-4D7E-8F9A-0B1C2D3E4F5A}.Release|Any CPU.Build.0 = Release|Any CPU
		{D1E2F3A4-B5C6-4D7E-8F9A-0B1C2D3E4F5A}.Release|x64.ActiveCfg = Release|Any CPU
		{D1E2F3A4-B5C6-4D7E-8F9A-0B1C2D3E4F5A}.Release|x64.Build.0 = Release|Any CPU
		{D1E2F3A4-B5C6-4D7E-8F9A-0B1C2D3E4F5A}.Release|x86.ActiveCfg = Release|Any CPU
		{D1E2F3A4-B5C6-4D7E-8F9A-0B1C2D3E4F5A}.Release|x86.Build.0 = Release|Any CPU
		{E2F3A4B5-C6D7-5E8F-9A0B-1C2D3E4F5A6B}.Debug|Any CPU.ActiveCfg = Debug|Any CPU
		{E2F3A4B5-C6D7-5E8F-9A0B-1C2D3E4F5A6B}.Debug|Any CPU.Build.0 = Debug|Any CPU
		{E2F3A4B5-C6D7-5E8F-9A0B-1C2D3E4F5A6B}.Debug|x64.ActiveCfg = Debug|Any CPU
		{E2F3A4B5-C6D7-5E8F-9A0B-1C2D3E4F5A6B}.Debug|x64.Build.0 = Debug|Any CPU
		{E2F3A4B5-C6D7-5E8F-9A0B-1C2D3E4F5A6B}.Debug|x86.ActiveCfg = Debug|Any CPU
		{E2F3A4B5-C6D7-5E8F-9A0B-1C2D3E4F5A6B}.Debug|x86.Build.0 = Debug|Any CPU
		{E2F3A4B5-C6D7-5E8F-9A0B-1C2D3E4F5A6B}.Release|Any CPU.ActiveCfg = Release|Any CPU
		{E2F3A4B5-C6D7-5E8F-9A0B-1C2D3E4F5A6B}.Release|Any CPU.Build.0 = Release|Any CPU
		{E2F3A4B5-C6D7-5E8F-9A0B-1C2D3E4F5A6B}.Release|x64.ActiveCfg = Release|Any CPU
		{E2F3A4B5-C6D7-5E8F-9A0B-1C2D3E4F5A6B}.Release|x64.Build.0 = Release|Any CPU
		{E2F3A4B5-C6D7-5E8F-9A0B-1C2D3E4F5A6B}.Release|x86.ActiveCfg = Release|Any CPU
		{E2F3A4B5-C6D7-5E8F-9A0B-1C2D3E4F5A6B}.Release|x86.Build.0 = Release|Any CPU
		{44672DD1-8EA5-49EC-A61C-CB4E566A51C0}.Debug|Any CPU.ActiveCfg = Debug|Any CPU
		{44672DD1-8EA5-49EC-A61C-CB4E566A51C0}.Debug|Any CPU.Build.0 = Debug|Any CPU
		{44672DD1-8EA5-49EC-A61C-CB4E566A51C0}.Debug|x64.ActiveCfg = Debug|Any CPU
		{44672DD1-8EA5-49EC-A61C-CB4E566A51C0}.Debug|x64.Build.0 = Debug|Any CPU
		{44672DD1-8EA5-49EC-A61C-CB4E566A51C0}.Debug|x86.ActiveCfg = Debug|Any CPU
		{44672DD1-8EA5-49EC-A61C-CB4E566A51C0}.Debug|x86.Build.0 = Debug|Any CPU
		{44672DD1-8EA5-49EC-A61C-CB4E566A51C0}.Release|Any CPU.ActiveCfg = Release|Any CPU
		{44672DD1-8EA5-49EC-A61C-CB4E566A51C0}.Release|Any CPU.Build.0 = Release|Any CPU
		{44672DD1-8EA5-49EC-A61C-CB4E566A51C0}.Release|x64.ActiveCfg = Release|Any CPU
		{44672DD1-8EA5-49EC-A61C-CB4E566A51C0}.Release|x64.Build.0 = Release|Any CPU
		{44672DD1-8EA5-49EC-A61C-CB4E566A51C0}.Release|x86.ActiveCfg = Release|Any CPU
		{44672DD1-8EA5-49EC-A61C-CB4E566A51C0}.Release|x86.Build.0 = Release|Any CPU
		{F9CB8B27-FF01-41CD-8985-BC3867A15641}.Debug|Any CPU.ActiveCfg = Debug|Any CPU
		{F9CB8B27-FF01-41CD-8985-BC3867A15641}.Debug|Any CPU.Build.0 = Debug|Any CPU
		{F9CB8B27-FF01-41CD-8985-BC3867A15641}.Debug|x64.ActiveCfg = Debug|Any CPU
		{F9CB8B27-FF01-41CD-8985-BC3867A15641}.Debug|x64.Build.0 = Debug|Any CPU
		{F9CB8B27-FF01-41CD-8985-BC3867A15641}.Debug|x86.ActiveCfg = Debug|Any CPU
		{F9CB8B27-FF01-41CD-8985-BC3867A15641}.Debug|x86.Build.0 = Debug|Any CPU
		{F9CB8B27-FF01-41CD-8985-BC3867A15641}.Release|Any CPU.ActiveCfg = Release|Any CPU
		{F9CB8B27-FF01-41CD-8985-BC3867A15641}.Release|Any CPU.Build.0 = Release|Any CPU
		{F9CB8B27-FF01-41CD-8985-BC3867A15641}.Release|x64.ActiveCfg = Release|Any CPU
		{F9CB8B27-FF01-41CD-8985-BC3867A15641}.Release|x64.Build.0 = Release|Any CPU
		{F9CB8B27-FF01-41CD-8985-BC3867A15641}.Release|x86.ActiveCfg = Release|Any CPU
		{F9CB8B27-FF01-41CD-8985-BC3867A15641}.Release|x86.Build.0 = Release|Any CPU
		{A1B2C3D4-E5F6-4A5B-8C9D-0E1F2A3B4C5D}.Debug|Any CPU.ActiveCfg = Debug|Any CPU
		{A1B2C3D4-E5F6-4A5B-8C9D-0E1F2A3B4C5D}.Debug|Any CPU.Build.0 = Debug|Any CPU
		{A1B2C3D4-E5F6-4A5B-8C9D-0E1F2A3B4C5D}.Debug|x64.ActiveCfg = Debug|Any CPU
		{A1B2C3D4-E5F6-4A5B-8C9D-0E1F2A3B4C5D}.Debug|x64.Build.0 = Debug|Any CPU
		{A1B2C3D4-E5F6-4A5B-8C9D-0E1F2A3B4C5D}.Debug|x86.ActiveCfg = Debug|Any CPU
		{A1B2C3D4-E5F6-4A5B-8C9D-0E1F2A3B4C5D}.Debug|x86.Build.0 = Debug|Any CPU
		{A1B2C3D4-E5F6-4A5B-8C9D-0E1F2A3B4C5D}.Release|Any CPU.ActiveCfg = Release|Any CPU
		{A1B2C3D4-E5F6-4A5B-8C9D-0E1F2A3B4C5D}.Release|Any CPU.Build.0 = Release|Any CPU
		{A1B2C3D4-E5F6-4A5B-8C9D-0E1F2A3B4C5D}.Release|x64.ActiveCfg = Release|Any CPU
		{A1B2C3D4-E5F6-4A5B-8C9D-0E1F2A3B4C5D}.Release|x64.Build.0 = Release|Any CPU
		{A1B2C3D4-E5F6-4A5B-8C9D-0E1F2A3B4C5D}.Release|x86.ActiveCfg = Release|Any CPU
		{A1B2C3D4-E5F6-4A5B-8C9D-0E1F2A3B4C5D}.Release|x86.Build.0 = Release|Any CPU
		{B2C3D4E5-F6A7-5B6C-9D0E-1F2A3B4C5D6E}.Debug|Any CPU.ActiveCfg = Debug|Any CPU
		{B2C3D4E5-F6A7-5B6C-9D0E-1F2A3B4C5D6E}.Debug|Any CPU.Build.0 = Debug|Any CPU
		{B2C3D4E5-F6A7-5B6C-9D0E-1F2A3B4C5D6E}.Debug|x64.ActiveCfg = Debug|Any CPU
		{B2C3D4E5-F6A7-5B6C-9D0E-1F2A3B4C5D6E}.Debug|x64.Build.0 = Debug|Any CPU
		{B2C3D4E5-F6A7-5B6C-9D0E-1F2A3B4C5D6E}.Debug|x86.ActiveCfg = Debug|Any CPU
		{B2C3D4E5-F6A7-5B6C-9D0E-1F2A3B4C5D6E}.Debug|x86.Build.0 = Debug|Any CPU
		{B2C3D4E5-F6A7-5B6C-9D0E-1F2A3B4C5D6E}.Release|Any CPU.ActiveCfg = Release|Any CPU
		{B2C3D4E5-F6A7-5B6C-9D0E-1F2A3B4C5D6E}.Release|Any CPU.Build.0 = Release|Any CPU
		{B2C3D4E5-F6A7-5B6C-9D0E-1F2A3B4C5D6E}.Release|x64.ActiveCfg = Release|Any CPU
		{B2C3D4E5-F6A7-5B6C-9D0E-1F2A3B4C5D6E}.Release|x64.Build.0 = Release|Any CPU
		{B2C3D4E5-F6A7-5B6C-9D0E-1F2A3B4C5D6E}.Release|x86.ActiveCfg = Release|Any CPU
		{B2C3D4E5-F6A7-5B6C-9D0E-1F2A3B4C5D6E}.Release|x86.Build.0 = Release|Any CPU
		{86B1B5FC-25FA-4DC5-9473-894EE4938EED}.Debug|Any CPU.ActiveCfg = Debug|Any CPU
		{86B1B5FC-25FA-4DC5-9473-894EE4938EED}.Debug|Any CPU.Build.0 = Debug|Any CPU
		{86B1B5FC-25FA-4DC5-9473-894EE4938EED}.Debug|x64.ActiveCfg = Debug|Any CPU
		{86B1B5FC-25FA-4DC5-9473-894EE4938EED}.Debug|x64.Build.0 = Debug|Any CPU
		{86B1B5FC-25FA-4DC5-9473-894EE4938EED}.Debug|x86.ActiveCfg = Debug|Any CPU
		{86B1B5FC-25FA-4DC5-9473-894EE4938EED}.Debug|x86.Build.0 = Debug|Any CPU
		{86B1B5FC-25FA-4DC5-9473-894EE4938EED}.Release|Any CPU.ActiveCfg = Release|Any CPU
		{86B1B5FC-25FA-4DC5-9473-894EE4938EED}.Release|Any CPU.Build.0 = Release|Any CPU
		{86B1B5FC-25FA-4DC5-9473-894EE4938EED}.Release|x64.ActiveCfg = Release|Any CPU
		{86B1B5FC-25FA-4DC5-9473-894EE4938EED}.Release|x64.Build.0 = Release|Any CPU
		{86B1B5FC-25FA-4DC5-9473-894EE4938EED}.Release|x86.ActiveCfg = Release|Any CPU
		{86B1B5FC-25FA-4DC5-9473-894EE4938EED}.Release|x86.Build.0 = Release|Any CPU
		{A7B8C9D0-E1F2-4A3B-8C5D-6E7F8A9B0C1D}.Debug|Any CPU.ActiveCfg = Debug|Any CPU
		{A7B8C9D0-E1F2-4A3B-8C5D-6E7F8A9B0C1D}.Debug|Any CPU.Build.0 = Debug|Any CPU
		{A7B8C9D0-E1F2-4A3B-8C5D-6E7F8A9B0C1D}.Debug|x64.ActiveCfg = Debug|Any CPU
		{A7B8C9D0-E1F2-4A3B-8C5D-6E7F8A9B0C1D}.Debug|x64.Build.0 = Debug|Any CPU
		{A7B8C9D0-E1F2-4A3B-8C5D-6E7F8A9B0C1D}.Debug|x86.ActiveCfg = Debug|Any CPU
		{A7B8C9D0-E1F2-4A3B-8C5D-6E7F8A9B0C1D}.Debug|x86.Build.0 = Debug|Any CPU
		{A7B8C9D0-E1F2-4A3B-8C5D-6E7F8A9B0C1D}.Release|Any CPU.ActiveCfg = Release|Any CPU
		{A7B8C9D0-E1F2-4A3B-8C5D-6E7F8A9B0C1D}.Release|Any CPU.Build.0 = Release|Any CPU
		{A7B8C9D0-E1F2-4A3B-8C5D-6E7F8A9B0C1D}.Release|x64.ActiveCfg = Release|Any CPU
		{A7B8C9D0-E1F2-4A3B-8C5D-6E7F8A9B0C1D}.Release|x64.Build.0 = Release|Any CPU
		{A7B8C9D0-E1F2-4A3B-8C5D-6E7F8A9B0C1D}.Release|x86.ActiveCfg = Release|Any CPU
		{A7B8C9D0-E1F2-4A3B-8C5D-6E7F8A9B0C1D}.Release|x86.Build.0 = Release|Any CPU
		{6CD7EE5E-9FA1-49BB-9165-BD5EFEB9D5A7}.Debug|Any CPU.ActiveCfg = Debug|Any CPU
		{6CD7EE5E-9FA1-49BB-9165-BD5EFEB9D5A7}.Debug|Any CPU.Build.0 = Debug|Any CPU
		{6CD7EE5E-9FA1-49BB-9165-BD5EFEB9D5A7}.Debug|x64.ActiveCfg = Debug|Any CPU
		{6CD7EE5E-9FA1-49BB-9165-BD5EFEB9D5A7}.Debug|x64.Build.0 = Debug|Any CPU
		{6CD7EE5E-9FA1-49BB-9165-BD5EFEB9D5A7}.Debug|x86.ActiveCfg = Debug|Any CPU
		{6CD7EE5E-9FA1-49BB-9165-BD5EFEB9D5A7}.Debug|x86.Build.0 = Debug|Any CPU
		{6CD7EE5E-9FA1-49BB-9165-BD5EFEB9D5A7}.Release|Any CPU.ActiveCfg = Release|Any CPU
		{6CD7EE5E-9FA1-49BB-9165-BD5EFEB9D5A7}.Release|Any CPU.Build.0 = Release|Any CPU
		{6CD7EE5E-9FA1-49BB-9165-BD5EFEB9D5A7}.Release|x64.ActiveCfg = Release|Any CPU
		{6CD7EE5E-9FA1-49BB-9165-BD5EFEB9D5A7}.Release|x64.Build.0 = Release|Any CPU
		{6CD7EE5E-9FA1-49BB-9165-BD5EFEB9D5A7}.Release|x86.ActiveCfg = Release|Any CPU
		{6CD7EE5E-9FA1-49BB-9165-BD5EFEB9D5A7}.Release|x86.Build.0 = Release|Any CPU
		{A4779571-6867-4918-BB3B-1D6EC6E4572C}.Debug|Any CPU.ActiveCfg = Debug|Any CPU
		{A4779571-6867-4918-BB3B-1D6EC6E4572C}.Debug|Any CPU.Build.0 = Debug|Any CPU
		{A4779571-6867-4918-BB3B-1D6EC6E4572C}.Debug|x64.ActiveCfg = Debug|Any CPU
		{A4779571-6867-4918-BB3B-1D6EC6E4572C}.Debug|x64.Build.0 = Debug|Any CPU
		{A4779571-6867-4918-BB3B-1D6EC6E4572C}.Debug|x86.ActiveCfg = Debug|Any CPU
		{A4779571-6867-4918-BB3B-1D6EC6E4572C}.Debug|x86.Build.0 = Debug|Any CPU
		{A4779571-6867-4918-BB3B-1D6EC6E4572C}.Release|Any CPU.ActiveCfg = Release|Any CPU
		{A4779571-6867-4918-BB3B-1D6EC6E4572C}.Release|Any CPU.Build.0 = Release|Any CPU
		{A4779571-6867-4918-BB3B-1D6EC6E4572C}.Release|x64.ActiveCfg = Release|Any CPU
		{A4779571-6867-4918-BB3B-1D6EC6E4572C}.Release|x64.Build.0 = Release|Any CPU
		{A4779571-6867-4918-BB3B-1D6EC6E4572C}.Release|x86.ActiveCfg = Release|Any CPU
		{A4779571-6867-4918-BB3B-1D6EC6E4572C}.Release|x86.Build.0 = Release|Any CPU
	EndGlobalSection
	GlobalSection(SolutionProperties) = preSolution
		HideSolutionNode = FALSE
	EndGlobalSection
	GlobalSection(NestedProjects) = preSolution
		{2344B7AE-2682-421D-A266-ED107B8368CE} = {0C06ACD1-23FD-4B04-9DFA-11445D8D5108}
		{044409B0-C628-4EE7-8FF4-820D8D12B270} = {0C06ACD1-23FD-4B04-9DFA-11445D8D5108}
		{D1E2F3A4-B5C6-4D7E-8F9A-0B1C2D3E4F5A} = {0C06ACD1-23FD-4B04-9DFA-11445D8D5108}
		{E2F3A4B5-C6D7-5E8F-9A0B-1C2D3E4F5A6B} = {0C06ACD1-23FD-4B04-9DFA-11445D8D5108}
		{44672DD1-8EA5-49EC-A61C-CB4E566A51C0} = {C03C5398-F213-4630-A295-22CA9C76257B}
		{F9CB8B27-FF01-41CD-8985-BC3867A15641} = {C03C5398-F213-4630-A295-22CA9C76257B}
		{A1B2C3D4-E5F6-4A5B-8C9D-0E1F2A3B4C5D} = {C03C5398-F213-4630-A295-22CA9C76257B}
		{B2C3D4E5-F6A7-5B6C-9D0E-1F2A3B4C5D6E} = {C03C5398-F213-4630-A295-22CA9C76257B}
		{86B1B5FC-25FA-4DC5-9473-894EE4938EED} = {0C06ACD1-23FD-4B04-9DFA-11445D8D5108}
		{A7B8C9D0-E1F2-4A3B-8C5D-6E7F8A9B0C1D} = {0C06ACD1-23FD-4B04-9DFA-11445D8D5108}
		{6CD7EE5E-9FA1-49BB-9165-BD5EFEB9D5A7} = {0C06ACD1-23FD-4B04-9DFA-11445D8D5108}
		{A4779571-6867-4918-BB3B-1D6EC6E4572C} = {0C06ACD1-23FD-4B04-9DFA-11445D8D5108}
	EndGlobalSection
	GlobalSection(ExtensibilityGlobals) = postSolution
		SolutionGuid = {AB2222F3-B0F7-4DEB-99BF-95D29F7223BA}
	EndGlobalSection
EndGlobal
